
Microsoft Visual Studio Solution File, Format Version 12.00
# Visual Studio 15
VisualStudioVersion = 15.0.27130.2020
MinimumVisualStudioVersion = 10.0.40219.1
Project("{FAE04EC0-301F-11D3-BF4B-00C04F79EFBC}") = "GeekBurger.LabelLoader", "GeekBurger.LabelLoader\GeekBurger.LabelLoader.csproj", "{337FDDB7-283E-4F42-B027-FE8DC6224342}"
EndProject
Project("{FAE04EC0-301F-11D3-BF4B-00C04F79EFBC}") = "GeekBurger.LabelLoader.Contract", "GeekBurger.LabelLoader\GeekBurger.LabelLoader.Contract\GeekBurger.LabelLoader.Contract.csproj", "{985412DE-6724-4A59-A9DF-A92187279A01}"
EndProject
Global
	GlobalSection(SolutionConfigurationPlatforms) = preSolution
		Debug|Any CPU = Debug|Any CPU
		Release|Any CPU = Release|Any CPU
	EndGlobalSection
	GlobalSection(ProjectConfigurationPlatforms) = postSolution
		{337FDDB7-283E-4F42-B027-FE8DC6224342}.Debug|Any CPU.ActiveCfg = Debug|Any CPU
		{337FDDB7-283E-4F42-B027-FE8DC6224342}.Debug|Any CPU.Build.0 = Debug|Any CPU
		{337FDDB7-283E-4F42-B027-FE8DC6224342}.Release|Any CPU.ActiveCfg = Release|Any CPU
		{337FDDB7-283E-4F42-B027-FE8DC6224342}.Release|Any CPU.Build.0 = Release|Any CPU
		{985412DE-6724-4A59-A9DF-A92187279A01}.Debug|Any CPU.ActiveCfg = Debug|Any CPU
		{985412DE-6724-4A59-A9DF-A92187279A01}.Debug|Any CPU.Build.0 = Debug|Any CPU
		{985412DE-6724-4A59-A9DF-A92187279A01}.Release|Any CPU.ActiveCfg = Release|Any CPU
		{985412DE-6724-4A59-A9DF-A92187279A01}.Release|Any CPU.Build.0 = Release|Any CPU
	EndGlobalSection
	GlobalSection(SolutionProperties) = preSolution
		HideSolutionNode = FALSE
	EndGlobalSection
	GlobalSection(ExtensibilityGlobals) = postSolution
		SolutionGuid = {A2AF72E0-8C31-41A2-AFF4-838820440922}
	EndGlobalSection
EndGlobal
